{
  "name": "wot",
  "version": "1.0.0",
  "lockfileVersion": 1,
  "requires": true,
  "dependencies": {
    "pi-camera": {
      "version": "1.2.1",
      "resolved": "https://registry.npmjs.org/pi-camera/-/pi-camera-1.2.1.tgz",
      "integrity": "sha512-/jD5i+ApwLkQJsxJI/pFCdWrSy1mrhHYFLWaTCHFARGBexumZ+JViiie9PsIiOryrDVhwLcX/wDCcoSUUDbYHw=="
    },
    "typescript": {
      "version": "3.1.3",
      "resolved": "https://registry.npmjs.org/typescript/-/typescript-3.1.3.tgz",
      "integrity": "sha512-+81MUSyX+BaSo+u2RbozuQk/UWx6hfG0a5gHu4ANEM4sU96XbuIyAB+rWBW1u70c6a5QuZfuYICn3s2UjuHUpA=="
    }
  }
}
